
Microsoft Visual Studio Solution File, Format Version 12.00
# Visual Studio Version 17
VisualStudioVersion = 17.10.35013.160
MinimumVisualStudioVersion = 10.0.40219.1
Project("{FAE04EC0-301F-11D3-BF4B-00C04F79EFBC}") = "WebApiPersonas", "WebApiPersonas\WebApiPersonas.csproj", "{51A674E8-D011-40C1-BD11-AE9E1259C777}"
EndProject
Global
	GlobalSection(SolutionConfigurationPlatforms) = preSolution
		Debug|Any CPU = Debug|Any CPU
		Release|Any CPU = Release|Any CPU
	EndGlobalSection
	GlobalSection(ProjectConfigurationPlatforms) = postSolution
		{51A674E8-D011-40C1-BD11-AE9E1259C777}.Debug|Any CPU.ActiveCfg = Debug|Any CPU
		{51A674E8-D011-40C1-BD11-AE9E1259C777}.Debug|Any CPU.Build.0 = Debug|Any CPU
		{51A674E8-D011-40C1-BD11-AE9E1259C777}.Release|Any CPU.ActiveCfg = Release|Any CPU
		{51A674E8-D011-40C1-BD11-AE9E1259C777}.Release|Any CPU.Build.0 = Release|Any CPU
	EndGlobalSection
	GlobalSection(SolutionProperties) = preSolution
		HideSolutionNode = FALSE
	EndGlobalSection
	GlobalSection(ExtensibilityGlobals) = postSolution
		SolutionGuid = {7EFC94F2-0738-4E84-BDB9-5057937513DC}
	EndGlobalSection
EndGlobal
